{
  "name": "blank",
  "version": "1.0.0",
  "lockfileVersion": 2,
  "requires": true,
  "packages": {
    "": {
      "name": "blank",
      "version": "1.0.0",
      "license": "ISC",
      "dependencies": {
        "antd-mini": "^1.10.5",
        "dayjs": "^1.11.9",
        "dingtalk-jsapi": "^3.0.27"
      }
    },
    "node_modules/@mini-types/alipay": {
      "version": "3.0.9",
      "resolved": "https://registry.npmmirror.com/@mini-types/alipay/-/alipay-3.0.9.tgz",
      "integrity": "sha512-1m9fi0EvBFan6DD4hY5MroZeuTckuQtrKbhDg1mnTrt8bmSKnCDI3m6IcZtuB3d0JulAq3NC1TadcLsYmCiYZQ==",
      "dependencies": {
        "@mini-types/global": "3.0.9",
        "@mini-types/my": "3.0.9"
      }
    },
    "node_modules/@mini-types/global": {
      "version": "3.0.9",
      "resolved": "https://registry.npmmirror.com/@mini-types/global/-/global-3.0.9.tgz",
      "integrity": "sha512-8nDTczh1T11ycoy23QS5nsKxYHT0r+iV713HKLU/JbZwVYUrT6UYGyPyNs1zf8ztpusAyaoiUHrBQ4XJTNftKQ=="
    },
    "node_modules/@mini-types/my": {
      "version": "3.0.9",
      "resolved": "https://registry.npmmirror.com/@mini-types/my/-/my-3.0.9.tgz",
      "integrity": "sha512-gkzkeb9dJN3qHKFZ89yTJCp7xxQG11vbnCQIOHQ9AK1GYO0SC31w9bnVB28iZQzRgo/M6hP2YW6wk3SRLXh+yg=="
    },
    "node_modules/antd-mini": {
      "version": "1.10.5",
      "resolved": "https://registry.npmmirror.com/antd-mini/-/antd-mini-1.10.5.tgz",
      "integrity": "sha512-dJz5GElcmun8XwZLCRzFwb+cIS9wdWkOF1bdTSRpXgwavkcgNDo+D2GbNwwA8S4r0KuahHAMH3M4vvLVU58qcA==",
      "dependencies": {
        "@mini-types/alipay": "^3.0.5",
        "async-validator": "^4.0.7",
        "dayjs": "^1.11.3",
        "fast-deep-equal": "3.1.3",
        "tslib": "2.5.0"
      }
    },
    "node_modules/async-validator": {
      "version": "4.2.5",
      "resolved": "https://registry.npmmirror.com/async-validator/-/async-validator-4.2.5.tgz",
      "integrity": "sha512-7HhHjtERjqlNbZtqNqy2rckN/SpOOlmDliet+lP7k+eKZEjPk3DgyeU9lIXLdeLz0uBbbVp+9Qdow9wJWgwwfg=="
    },
    "node_modules/dayjs": {
      "version": "1.11.9",
      "resolved": "https://registry.npmmirror.com/dayjs/-/dayjs-1.11.9.tgz",
      "integrity": "sha512-QvzAURSbQ0pKdIye2txOzNaHmxtUBXerpY0FJsFXUMKbIZeFm5ht1LS/jFsrncjnmtv8HsG0W2g6c0zUjZWmpA=="
    },
    "node_modules/dingtalk-jsapi": {
      "version": "3.0.27",
      "resolved": "https://registry.npmmirror.com/dingtalk-jsapi/-/dingtalk-jsapi-3.0.27.tgz",
      "integrity": "sha512-VUUKiIGDZU9gqB1xzvQxe5FUqZGLjkEHcJUFpYgt3Bn7J8J7SC9PI9+NHVtkiXSFQPMCNdX9rtdmimzMYhnJ+w==",
      "dependencies": {
        "promise-polyfill": "^7.1.0"
      }
    },
    "node_modules/fast-deep-equal": {
      "version": "3.1.3",
      "resolved": "https://registry.npmmirror.com/fast-deep-equal/-/fast-deep-equal-3.1.3.tgz",
      "integrity": "sha512-f3qQ9oQy9j2AhBe/H9VC91wLmKBCCU/gDOnKNAYG5hswO7BLKj09Hc5HYNz9cGI++xlpDCIgDaitVs03ATR84Q=="
    },
    "node_modules/promise-polyfill": {
      "version": "7.1.2",
      "resolved": "https://registry.npmmirror.com/promise-polyfill/-/promise-polyfill-7.1.2.tgz",
      "integrity": "sha512-FuEc12/eKqqoRYIGBrUptCBRhobL19PS2U31vMNTfyck1FxPyMfgsXyW4Mav85y/ZN1hop3hOwRlUDok23oYfQ=="
    },
    "node_modules/tslib": {
      "version": "2.5.0",
      "resolved": "https://registry.npmmirror.com/tslib/-/tslib-2.5.0.tgz",
      "integrity": "sha512-336iVw3rtn2BUK7ORdIAHTyxHGRIHVReokCR3XjbckJMK7ms8FysBfhLR8IXnAgy7T0PTPNBWKiH514FOW/WSg=="
    }
  },
  "dependencies": {
    "@mini-types/alipay": {
      "version": "3.0.9",
      "resolved": "https://registry.npmmirror.com/@mini-types/alipay/-/alipay-3.0.9.tgz",
      "integrity": "sha512-1m9fi0EvBFan6DD4hY5MroZeuTckuQtrKbhDg1mnTrt8bmSKnCDI3m6IcZtuB3d0JulAq3NC1TadcLsYmCiYZQ==",
      "requires": {
        "@mini-types/global": "3.0.9",
        "@mini-types/my": "3.0.9"
      }
    },
    "@mini-types/global": {
      "version": "3.0.9",
      "resolved": "https://registry.npmmirror.com/@mini-types/global/-/global-3.0.9.tgz",
      "integrity": "sha512-8nDTczh1T11ycoy23QS5nsKxYHT0r+iV713HKLU/JbZwVYUrT6UYGyPyNs1zf8ztpusAyaoiUHrBQ4XJTNftKQ=="
    },
    "@mini-types/my": {
      "version": "3.0.9",
      "resolved": "https://registry.npmmirror.com/@mini-types/my/-/my-3.0.9.tgz",
      "integrity": "sha512-gkzkeb9dJN3qHKFZ89yTJCp7xxQG11vbnCQIOHQ9AK1GYO0SC31w9bnVB28iZQzRgo/M6hP2YW6wk3SRLXh+yg=="
    },
    "antd-mini": {
      "version": "1.10.5",
      "resolved": "https://registry.npmmirror.com/antd-mini/-/antd-mini-1.10.5.tgz",
      "integrity": "sha512-dJz5GElcmun8XwZLCRzFwb+cIS9wdWkOF1bdTSRpXgwavkcgNDo+D2GbNwwA8S4r0KuahHAMH3M4vvLVU58qcA==",
      "requires": {
        "@mini-types/alipay": "^3.0.5",
        "async-validator": "^4.0.7",
        "dayjs": "^1.11.3",
        "fast-deep-equal": "3.1.3",
        "tslib": "2.5.0"
      }
    },
    "async-validator": {
      "version": "4.2.5",
      "resolved": "https://registry.npmmirror.com/async-validator/-/async-validator-4.2.5.tgz",
      "integrity": "sha512-7HhHjtERjqlNbZtqNqy2rckN/SpOOlmDliet+lP7k+eKZEjPk3DgyeU9lIXLdeLz0uBbbVp+9Qdow9wJWgwwfg=="
    },
    "dayjs": {
      "version": "1.11.9",
      "resolved": "https://registry.npmmirror.com/dayjs/-/dayjs-1.11.9.tgz",
      "integrity": "sha512-QvzAURSbQ0pKdIye2txOzNaHmxtUBXerpY0FJsFXUMKbIZeFm5ht1LS/jFsrncjnmtv8HsG0W2g6c0zUjZWmpA=="
    },
    "dingtalk-jsapi": {
      "version": "3.0.27",
      "resolved": "https://registry.npmmirror.com/dingtalk-jsapi/-/dingtalk-jsapi-3.0.27.tgz",
      "integrity": "sha512-VUUKiIGDZU9gqB1xzvQxe5FUqZGLjkEHcJUFpYgt3Bn7J8J7SC9PI9+NHVtkiXSFQPMCNdX9rtdmimzMYhnJ+w==",
      "requires": {
        "promise-polyfill": "^7.1.0"
      }
    },
    "fast-deep-equal": {
      "version": "3.1.3",
      "resolved": "https://registry.npmmirror.com/fast-deep-equal/-/fast-deep-equal-3.1.3.tgz",
      "integrity": "sha512-f3qQ9oQy9j2AhBe/H9VC91wLmKBCCU/gDOnKNAYG5hswO7BLKj09Hc5HYNz9cGI++xlpDCIgDaitVs03ATR84Q=="
    },
    "promise-polyfill": {
      "version": "7.1.2",
      "resolved": "https://registry.npmmirror.com/promise-polyfill/-/promise-polyfill-7.1.2.tgz",
      "integrity": "sha512-FuEc12/eKqqoRYIGBrUptCBRhobL19PS2U31vMNTfyck1FxPyMfgsXyW4Mav85y/ZN1hop3hOwRlUDok23oYfQ=="
    },
    "tslib": {
      "version": "2.5.0",
      "resolved": "https://registry.npmmirror.com/tslib/-/tslib-2.5.0.tgz",
      "integrity": "sha512-336iVw3rtn2BUK7ORdIAHTyxHGRIHVReokCR3XjbckJMK7ms8FysBfhLR8IXnAgy7T0PTPNBWKiH514FOW/WSg=="
    }
  }
}
